
Microsoft Visual Studio Solution File, Format Version 12.00
# Visual Studio Version 16
VisualStudioVersion = 16.0.30709.132
MinimumVisualStudioVersion = 10.0.40219.1
Project("{8BC9CEB8-8B4A-11D0-8D11-00A0C91BC942}") = "Task1", "Task1\Task1.vcxproj", "{8776AD77-DF14-4B0E-8BC0-554DEF46D72F}"
EndProject
Project("{8BC9CEB8-8B4A-11D0-8D11-00A0C91BC942}") = "Task2", "Task2\Task2.vcxproj", "{750E49AA-C1AF-40B0-9E18-1DA4DE19A1CF}"
EndProject
Project("{8BC9CEB8-8B4A-11D0-8D11-00A0C91BC942}") = "Task3", "Task3\Task3.vcxproj", "{6560AE04-AD53-4C35-AC3D-13B06A701FD0}"
EndProject
Project("{8BC9CEB8-8B4A-11D0-8D11-00A0C91BC942}") = "Task4", "Task4\Task4.vcxproj", "{101D8B3C-3706-4BD4-B95A-A1CDF37540BE}"
EndProject
Project("{8BC9CEB8-8B4A-11D0-8D11-00A0C91BC942}") = "Task5", "Task5\Task5.vcxproj", "{E1304CF7-7947-49CA-83DE-7361CEA2A5E5}"
EndProject
Project("{8BC9CEB8-8B4A-11D0-8D11-00A0C91BC942}") = "Task6", "Task6\Task6.vcxproj", "{B966E068-BFC4-4DCD-8C41-F294ED3D2D7A}"
EndProject
Project("{8BC9CEB8-8B4A-11D0-8D11-00A0C91BC942}") = "lab2lib", "lab2lib\lab2lib.vcxproj", "{0A5C2C18-1741-44A0-B45C-2B1F4966B526}"
EndProject
Global
	GlobalSection(SolutionConfigurationPlatforms) = preSolution
		Debug|x64 = Debug|x64
		Debug|x86 = Debug|x86
		Release|x64 = Release|x64
		Release|x86 = Release|x86
	EndGlobalSection
	GlobalSection(ProjectConfigurationPlatforms) = postSolution
		{8776AD77-DF14-4B0E-8BC0-554DEF46D72F}.Debug|x64.ActiveCfg = Debug|x64
		{8776AD77-DF14-4B0E-8BC0-554DEF46D72F}.Debug|x64.Build.0 = Debug|x64
		{8776AD77-DF14-4B0E-8BC0-554DEF46D72F}.Debug|x86.ActiveCfg = Debug|Win32
		{8776AD77-DF14-4B0E-8BC0-554DEF46D72F}.Debug|x86.Build.0 = Debug|Win32
		{8776AD77-DF14-4B0E-8BC0-554DEF46D72F}.Release|x64.ActiveCfg = Release|x64
		{8776AD77-DF14-4B0E-8BC0-554DEF46D72F}.Release|x64.Build.0 = Release|x64
		{8776AD77-DF14-4B0E-8BC0-554DEF46D72F}.Release|x86.ActiveCfg = Release|Win32
		{8776AD77-DF14-4B0E-8BC0-554DEF46D72F}.Release|x86.Build.0 = Release|Win32
		{750E49AA-C1AF-40B0-9E18-1DA4DE19A1CF}.Debug|x64.ActiveCfg = Debug|x64
		{750E49AA-C1AF-40B0-9E18-1DA4DE19A1CF}.Debug|x64.Build.0 = Debug|x64
		{750E49AA-C1AF-40B0-9E18-1DA4DE19A1CF}.Debug|x86.ActiveCfg = Debug|Win32
		{750E49AA-C1AF-40B0-9E18-1DA4DE19A1CF}.Debug|x86.Build.0 = Debug|Win32
		{750E49AA-C1AF-40B0-9E18-1DA4DE19A1CF}.Release|x64.ActiveCfg = Release|x64
		{750E49AA-C1AF-40B0-9E18-1DA4DE19A1CF}.Release|x64.Build.0 = Release|x64
		{750E49AA-C1AF-40B0-9E18-1DA4DE19A1CF}.Release|x86.ActiveCfg = Release|Win32
		{750E49AA-C1AF-40B0-9E18-1DA4DE19A1CF}.Release|x86.Build.0 = Release|Win32
		{6560AE04-AD53-4C35-AC3D-13B06A701FD0}.Debug|x64.ActiveCfg = Debug|x64
		{6560AE04-AD53-4C35-AC3D-13B06A701FD0}.Debug|x64.Build.0 = Debug|x64
		{6560AE04-AD53-4C35-AC3D-13B06A701FD0}.Debug|x86.ActiveCfg = Debug|Win32
		{6560AE04-AD53-4C35-AC3D-13B06A701FD0}.Debug|x86.Build.0 = Debug|Win32
		{6560AE04-AD53-4C35-AC3D-13B06A701FD0}.Release|x64.ActiveCfg = Release|x64
		{6560AE04-AD53-4C35-AC3D-13B06A701FD0}.Release|x64.Build.0 = Release|x64
		{6560AE04-AD53-4C35-AC3D-13B06A701FD0}.Release|x86.ActiveCfg = Release|Win32
		{6560AE04-AD53-4C35-AC3D-13B06A701FD0}.Release|x86.Build.0 = Release|Win32
		{101D8B3C-3706-4BD4-B95A-A1CDF37540BE}.Debug|x64.ActiveCfg = Debug|x64
		{101D8B3C-3706-4BD4-B95A-A1CDF37540BE}.Debug|x64.Build.0 = Debug|x64
		{101D8B3C-3706-4BD4-B95A-A1CDF37540BE}.Debug|x86.ActiveCfg = Debug|Win32
		{101D8B3C-3706-4BD4-B95A-A1CDF37540BE}.Debug|x86.Build.0 = Debug|Win32
		{101D8B3C-3706-4BD4-B95A-A1CDF37540BE}.Release|x64.ActiveCfg = Release|x64
		{101D8B3C-3706-4BD4-B95A-A1CDF37540BE}.Release|x64.Build.0 = Release|x64
		{101D8B3C-3706-4BD4-B95A-A1CDF37540BE}.Release|x86.ActiveCfg = Release|Win32
		{101D8B3C-3706-4BD4-B95A-A1CDF37540BE}.Release|x86.Build.0 = Release|Win32
		{E1304CF7-7947-49CA-83DE-7361CEA2A5E5}.Debug|x64.ActiveCfg = Debug|x64
		{E1304CF7-7947-49CA-83DE-7361CEA2A5E5}.Debug|x64.Build.0 = Debug|x64
		{E1304CF7-7947-49CA-83DE-7361CEA2A5E5}.Debug|x86.ActiveCfg = Debug|Win32
		{E1304CF7-7947-49CA-83DE-7361CEA2A5E5}.Debug|x86.Build.0 = Debug|Win32
		{E1304CF7-7947-49CA-83DE-7361CEA2A5E5}.Release|x64.ActiveCfg = Release|x64
		{E1304CF7-7947-49CA-83DE-7361CEA2A5E5}.Release|x64.Build.0 = Release|x64
		{E1304CF7-7947-49CA-83DE-7361CEA2A5E5}.Release|x86.ActiveCfg = Release|Win32
		{E1304CF7-7947-49CA-83DE-7361CEA2A5E5}.Release|x86.Build.0 = Release|Win32
		{B966E068-BFC4-4DCD-8C41-F294ED3D2D7A}.Debug|x64.ActiveCfg = Debug|x64
		{B966E068-BFC4-4DCD-8C41-F294ED3D2D7A}.Debug|x64.Build.0 = Debug|x64
		{B966E068-BFC4-4DCD-8C41-F294ED3D2D7A}.Debug|x86.ActiveCfg = Debug|Win32
		{B966E068-BFC4-4DCD-8C41-F294ED3D2D7A}.Debug|x86.Build.0 = Debug|Win32
		{B966E068-BFC4-4DCD-8C41-F294ED3D2D7A}.Release|x64.ActiveCfg = Release|x64
		{B966E068-BFC4-4DCD-8C41-F294ED3D2D7A}.Release|x64.Build.0 = Release|x64
		{B966E068-BFC4-4DCD-8C41-F294ED3D2D7A}.Release|x86.ActiveCfg = Release|Win32
		{B966E068-BFC4-4DCD-8C41-F294ED3D2D7A}.Release|x86.Build.0 = Release|Win32
		{0A5C2C18-1741-44A0-B45C-2B1F4966B526}.Debug|x64.ActiveCfg = Debug|x64
		{0A5C2C18-1741-44A0-B45C-2B1F4966B526}.Debug|x64.Build.0 = Debug|x64
		{0A5C2C18-1741-44A0-B45C-2B1F4966B526}.Debug|x86.ActiveCfg = Debug|Win32
		{0A5C2C18-1741-44A0-B45C-2B1F4966B526}.Debug|x86.Build.0 = Debug|Win32
		{0A5C2C18-1741-44A0-B45C-2B1F4966B526}.Release|x64.ActiveCfg = Release|x64
		{0A5C2C18-1741-44A0-B45C-2B1F4966B526}.Release|x64.Build.0 = Release|x64
		{0A5C2C18-1741-44A0-B45C-2B1F4966B526}.Release|x86.ActiveCfg = Release|Win32
		{0A5C2C18-1741-44A0-B45C-2B1F4966B526}.Release|x86.Build.0 = Release|Win32
	EndGlobalSection
	GlobalSection(SolutionProperties) = preSolution
		HideSolutionNode = FALSE
	EndGlobalSection
	GlobalSection(ExtensibilityGlobals) = postSolution
		SolutionGuid = {D4909291-8C55-41AB-A08F-EDE192516B08}
	EndGlobalSection
EndGlobal
